
Microsoft Visual Studio Solution File, Format Version 12.00
# Visual Studio Version 17
VisualStudioVersion = 17.4.33110.190
MinimumVisualStudioVersion = 10.0.40219.1
Project("{2150E333-8FDC-42A3-9474-1A3956D46DE8}") = "src", "src", "{CE2A5455-330A-4032-A60D-5005CAF4B125}"
EndProject
Project("{9A19103F-16F7-4668-BE54-9A1E7A4F7556}") = "ccxt.simple", "src\ccxt.simple.csproj", "{109065AF-D448-46FE-9F35-E6D22A92F362}"
EndProject
Project("{2150E333-8FDC-42A3-9474-1A3956D46DE8}") = "Solution Items", "Solution Items", "{5F43A869-5572-41ED-AECF-E762EFA75058}"
	ProjectSection(SolutionItems) = preProject
		.gitattributes = .gitattributes
		.gitignore = .gitignore
		CLAUDE.md = CLAUDE.md
		LICENSE.md = LICENSE.md
		README.md = README.md
	EndProjectSection
EndProject
Project("{2150E333-8FDC-42A3-9474-1A3956D46DE8}") = "docs", "docs", "{BD060379-51BD-40C9-9B57-DA65393CAD0E}"
	ProjectSection(SolutionItems) = preProject
		docs\ccxt.simple.api.png = docs\ccxt.simple.api.png
		docs\ccxt.simple.ico = docs\ccxt.simple.ico
		docs\CHANGELOG.md = docs\CHANGELOG.md
		docs\EXCHANGES.md = docs\EXCHANGES.md
	EndProjectSection
EndProject
Project("{2150E333-8FDC-42A3-9474-1A3956D46DE8}") = "samples", "samples", "{5CFF9EB6-24F9-4119-812E-FEF29D600887}"
EndProject
Project("{2150E333-8FDC-42A3-9474-1A3956D46DE8}") = "tests", "tests", "{C8D5274F-AC00-46C7-1F8D-E88E81087A52}"
EndProject
Project("{FAE04EC0-301F-11D3-BF4B-00C04F79EFBC}") = "ccxt.test", "tests\ccxt.test.csproj", "{60A8F8AD-5519-9A10-020F-0890302CF297}"
EndProject
Project("{FAE04EC0-301F-11D3-BF4B-00C04F79EFBC}") = "ccxt.sample", "samples\ccxt.sample.csproj", "{788B3CEF-0CD7-0A92-A37F-A283BEA207E7}"
EndProject
Global
	GlobalSection(SolutionConfigurationPlatforms) = preSolution
		Debug|Any CPU = Debug|Any CPU
		Release|Any CPU = Release|Any CPU
	EndGlobalSection
	GlobalSection(ProjectConfigurationPlatforms) = postSolution
		{109065AF-D448-46FE-9F35-E6D22A92F362}.Debug|Any CPU.ActiveCfg = Debug|Any CPU
		{109065AF-D448-46FE-9F35-E6D22A92F362}.Debug|Any CPU.Build.0 = Debug|Any CPU
		{109065AF-D448-46FE-9F35-E6D22A92F362}.Release|Any CPU.ActiveCfg = Release|Any CPU
		{109065AF-D448-46FE-9F35-E6D22A92F362}.Release|Any CPU.Build.0 = Release|Any CPU
		{60A8F8AD-5519-9A10-020F-0890302CF297}.Debug|Any CPU.ActiveCfg = Debug|Any CPU
		{60A8F8AD-5519-9A10-020F-0890302CF297}.Debug|Any CPU.Build.0 = Debug|Any CPU
		{60A8F8AD-5519-9A10-020F-0890302CF297}.Release|Any CPU.ActiveCfg = Release|Any CPU
		{60A8F8AD-5519-9A10-020F-0890302CF297}.Release|Any CPU.Build.0 = Release|Any CPU
		{788B3CEF-0CD7-0A92-A37F-A283BEA207E7}.Debug|Any CPU.ActiveCfg = Debug|Any CPU
		{788B3CEF-0CD7-0A92-A37F-A283BEA207E7}.Debug|Any CPU.Build.0 = Debug|Any CPU
		{788B3CEF-0CD7-0A92-A37F-A283BEA207E7}.Release|Any CPU.ActiveCfg = Release|Any CPU
		{788B3CEF-0CD7-0A92-A37F-A283BEA207E7}.Release|Any CPU.Build.0 = Release|Any CPU
	EndGlobalSection
	GlobalSection(SolutionProperties) = preSolution
		HideSolutionNode = FALSE
	EndGlobalSection
	GlobalSection(NestedProjects) = preSolution
		{109065AF-D448-46FE-9F35-E6D22A92F362} = {CE2A5455-330A-4032-A60D-5005CAF4B125}
		{60A8F8AD-5519-9A10-020F-0890302CF297} = {C8D5274F-AC00-46C7-1F8D-E88E81087A52}
		{788B3CEF-0CD7-0A92-A37F-A283BEA207E7} = {5CFF9EB6-24F9-4119-812E-FEF29D600887}
	EndGlobalSection
	GlobalSection(ExtensibilityGlobals) = postSolution
		SolutionGuid = {8A43CE4D-B9B0-41CE-82A0-0D2F87CA10E5}
	EndGlobalSection
EndGlobal
